
Microsoft Visual Studio Solution File, Format Version 12.00
# Visual Studio 15
VisualStudioVersion = 15.0.28307.645
MinimumVisualStudioVersion = 10.0.40219.1
Project("{FAE04EC0-301F-11D3-BF4B-00C04F79EFBC}") = "AssetAngular", "AssetAngular\AssetAngular.csproj", "{C92622A2-9D0A-4D46-BB5C-9FBDC6D37EDF}"
EndProject
Global
	GlobalSection(SolutionConfigurationPlatforms) = preSolution
		Debug|Any CPU = Debug|Any CPU
		Release|Any CPU = Release|Any CPU
	EndGlobalSection
	GlobalSection(ProjectConfigurationPlatforms) = postSolution
		{C92622A2-9D0A-4D46-BB5C-9FBDC6D37EDF}.Debug|Any CPU.ActiveCfg = Debug|Any CPU
		{C92622A2-9D0A-4D46-BB5C-9FBDC6D37EDF}.Debug|Any CPU.Build.0 = Debug|Any CPU
		{C92622A2-9D0A-4D46-BB5C-9FBDC6D37EDF}.Release|Any CPU.ActiveCfg = Release|Any CPU
		{C92622A2-9D0A-4D46-BB5C-9FBDC6D37EDF}.Release|Any CPU.Build.0 = Release|Any CPU
	EndGlobalSection
	GlobalSection(SolutionProperties) = preSolution
		HideSolutionNode = FALSE
	EndGlobalSection
	GlobalSection(ExtensibilityGlobals) = postSolution
		SolutionGuid = {6D96A789-59EE-4003-AB6B-3562BC74A235}
	EndGlobalSection
EndGlobal
